// !$*UTF8*$!
{
	archiveVersion = 1;
	classes = {
	};
	objectVersion = 46;
	objects = {

/* Begin PBXBuildFile section */
		92145EC41E05DEA400A83479 /* main.cpp in Sources */ = {isa = PBXBuildFile; fileRef = 92145EC31E05DEA400A83479 /* main.cpp */; };
/* End PBXBuildFile section */

/* Begin PBXCopyFilesBuildPhase section */
		92145EBE1E05DEA300A83479 /* CopyFiles */ = {
			isa = PBXCopyFilesBuildPhase;
			buildActionMask = 2147483647;
			dstPath = /usr/share/man/man1/;
			dstSubfolderSpec = 0;
			files = (
			);
			runOnlyForDeploymentPostprocessing = 1;
		};
/* End PBXCopyFilesBuildPhase section */

/* Begin PBXFileReference section */
		92145EC01E05DEA300A83479 /* OpenGL-LoadingModel */ = {isa = PBXFileReference; explicitFileType = "compiled.mach-o.executable"; includeInIndex = 0; path = "OpenGL-LoadingModel"; sourceTree = BUILT_PRODUCTS_DIR; };
		92145EC31E05DEA400A83479 /* main.cpp */ = {isa = PBXFileReference; lastKnownFileType = sourcecode.cpp.cpp; path = main.cpp; sourceTree = "<group>"; };
/* End PBXFileReference section */

/* Begin PBXFrameworksBuildPhase section */
		92145EBD1E05DEA300A83479 /* Frameworks */ = {
			isa = PBXFrameworksBuildPhase;
			buildActionMask = 2147483647;
			files = (
			);
			runOnlyForDeploymentPostprocessing = 0;
		};
/* End PBXFrameworksBuildPhase section */

/* Begin PBXGroup section */
		92145EB71E05DEA300A83479 = {
			isa = PBXGroup;
			children = (
				92145EC21E05DEA300A83479 /* OpenGL-LoadingModel */,
				92145EC11E05DEA300A83479 /* Products */,
			);
			sourceTree = "<group>";
		};
		92145EC11E05DEA300A83479 /* Products */ = {
			isa = PBXGroup;
			children = (
				92145EC01E05DEA300A83479 /* OpenGL-LoadingModel */,
			);
			name = Products;
			sourceTree = "<group>";
		};
		92145EC21E05DEA300A83479 /* OpenGL-LoadingModel */ = {
			isa = PBXGroup;
			children = (
				92145EC31E05DEA400A83479 /* main.cpp */,
			);
			path = "OpenGL-LoadingModel";
			sourceTree = "<group>";
		};
/* End PBXGroup section */

/* Begin PBXNativeTarget section */
		92145EBF1E05DEA300A83479 /* OpenGL-LoadingModel */ = {
			isa = PBXNativeTarget;
			buildConfigurationList = 92145EC71E05DEA400A83479 /* Build configuration list for PBXNativeTarget "OpenGL-LoadingModel" */;
			buildPhases = (
				92145EBC1E05DEA300A83479 /* Sources */,
				92145EBD1E05DEA300A83479 /* Frameworks */,
				92145EBE1E05DEA300A83479 /* CopyFiles */,
			);
			buildRules = (
			);
			dependencies = (
			);
			name = "OpenGL-LoadingModel";
			productName = "OpenGL-LoadingModel";
			productReference = 92145EC01E05DEA300A83479 /* OpenGL-LoadingModel */;
			productType = "com.apple.product-type.tool";
		};
/* End PBXNativeTarget section */

/* Begin PBXProject section */
		92145EB81E05DEA300A83479 /* Project object */ = {
			isa = PBXProject;
			attributes = {
				LastUpgradeCheck = 0810;
				ORGANIZATIONNAME = "Aryan Kashyap";
				TargetAttributes = {
					92145EBF1E05DEA300A83479 = {
						CreatedOnToolsVersion = 8.1;
						DevelopmentTeam = AFNEC75D99;
						ProvisioningStyle = Automatic;
					};
				};
			};
			buildConfigurationList = 92145EBB1E05DEA300A83479 /* Build configuration list for PBXProject "OpenGL-LoadingModel" */;
			compatibilityVersion = "Xcode 3.2";
			developmentRegion = English;
			hasScannedForEncodings = 0;
			knownRegions = (
				en,
			);
			mainGroup = 92145EB71E05DEA300A83479;
			productRefGroup = 92145EC11E05DEA300A83479 /* Products */;
			projectDirPath = "";
			projectRoot = "";
			targets = (
				92145EBF1E05DEA300A83479 /* OpenGL-LoadingModel */,
			);
		};
/* End PBXProject section */

/* Begin PBXSourcesBuildPhase section */
		92145EBC1E05DEA300A83479 /* Sources */ = {
			isa = PBXSourcesBuildPhase;
			buildActionMask = 2147483647;
			files = (
				92145EC41E05DEA400A83479 /* main.cpp in Sources */,
			);
			runOnlyForDeploymentPostprocessing = 0;
		};
/* End PBXSourcesBuildPhase section */

/* Begin XCBuildConfiguration section */
		92145EC51E05DEA400A83479 /* Debug */ = {
			isa = XCBuildConfiguration;
			buildSettings = {
				ALWAYS_SEARCH_USER_PATHS = NO;
				CLANG_ANALYZER_NONNULL = YES;
				CLANG_CXX_LANGUAGE_STANDARD = "gnu++0x";
				CLANG_CXX_LIBRARY = "libc++";
				CLANG_ENABLE_MODULES = YES;
				CLANG_ENABLE_OBJC_ARC = YES;
				CLANG_WARN_BOOL_CONVERSION = YES;
				CLANG_WARN_CONSTANT_CONVERSION = YES;
				CLANG_WARN_DIRECT_OBJC_ISA_USAGE = YES_ERROR;
				CLANG_WARN_DOCUMENTATION_COMMENTS = YES;
				CLANG_WARN_EMPTY_BODY = YES;
				CLANG_WARN_ENUM_CONVERSION = YES;
				CLANG_WARN_INFINITE_RECURSION = YES;
				CLANG_WARN_INT_CONVERSION = YES;
				CLANG_WARN_OBJC_ROOT_CLASS = YES_ERROR;
				CLANG_WARN_SUSPICIOUS_MOVES = YES;
				CLANG_WARN_UNREACHABLE_CODE = YES;
				CLANG_WARN__DUPLICATE_METHOD_MATCH = YES;
				CODE_SIGN_IDENTITY = "-";
				COPY_PHASE_STRIP = NO;
				DEBUG_INFORMATION_FORMAT = dwarf;
				ENABLE_STRICT_OBJC_MSGSEND = YES;
				ENABLE_TESTABILITY = YES;
				GCC_C_LANGUAGE_STANDARD = gnu99;
				GCC_DYNAMIC_NO_PIC = NO;
				GCC_NO_COMMON_BLOCKS = YES;
				GCC_OPTIMIZATION_LEVEL = 0;
				GCC_PREPROCESSOR_DEFINITIONS = (
					"DEBUG=1",
					"$(inherited)",
				);
				GCC_WARN_64_TO_32_BIT_CONVERSION = YES;
				GCC_WARN_ABOUT_RETURN_TYPE = YES_ERROR;
				GCC_WARN_UNDECLARED_SELECTOR = YES;
				GCC_WARN_UNINITIALIZED_AUTOS = YES_AGGRESSIVE;
				GCC_WARN_UNUSED_FUNCTION = YES;
				GCC_WARN_UNUSED_VARIABLE = YES;
				MACOSX_DEPLOYMENT_TARGET = 10.12;
				MTL_ENABLE_DEBUG_INFO = YES;
				ONLY_ACTIVE_ARCH = YES;
				SDKROOT = macosx;
			};
			name = Debug;
		};
		92145EC61E05DEA400A83479 /* Release */ = {
			isa = XCBuildConfiguration;
			buildSettings = {
				ALWAYS_SEARCH_USER_PATHS = NO;
				CLANG_ANALYZER_NONNULL = YES;
				CLANG_CXX_LANGUAGE_STANDARD = "gnu++0x";
				CLANG_CXX_LIBRARY = "libc++";
				CLANG_ENABLE_MODULES = YES;
				CLANG_ENABLE_OBJC_ARC = YES;
				CLANG_WARN_BOOL_CONVERSION = YES;
				CLANG_WARN_CONSTANT_CONVERSION = YES;
				CLANG_WARN_DIRECT_OBJC_ISA_USAGE = YES_ERROR;
				CLANG_WARN_DOCUMENTATION_COMMENTS = YES;
				CLANG_WARN_EMPTY_BODY = YES;
				CLANG_WARN_ENUM_CONVERSION = YES;
				CLANG_WARN_INFINITE_RECURSION = YES;
				CLANG_WARN_INT_CONVERSION = YES;
				CLANG_WARN_OBJC_ROOT_CLASS = YES_ERROR;
				CLANG_WARN_SUSPICIOUS_MOVES = YES;
				CLANG_WARN_UNREACHABLE_CODE = YES;
				CLANG_WARN__DUPLICATE_METHOD_MATCH = YES;
				CODE_SIGN_IDENTITY = "-";
				COPY_PHASE_STRIP = NO;
				DEBUG_INFORMATION_FORMAT = "dwarf-with-dsym";
				ENABLE_NS_ASSERTIONS = NO;
				ENABLE_STRICT_OBJC_MSGSEND = YES;
				GCC_C_LANGUAGE_STANDARD = gnu99;
				GCC_NO_COMMON_BLOCKS = YES;
				GCC_WARN_64_TO_32_BIT_CONVERSION = YES;
				GCC_WARN_ABOUT_RETURN_TYPE = YES_ERROR;
				GCC_WARN_UNDECLARED_SELECTOR = YES;
				GCC_WARN_UNINITIALIZED_AUTOS = YES_AGGRESSIVE;
				GCC_WARN_UNUSED_FUNCTION = YES;
				GCC_WARN_UNUSED_VARIABLE = YES;
				MACOSX_DEPLOYMENT_TARGET = 10.12;
				MTL_ENABLE_DEBUG_INFO = NO;
				SDKROOT = macosx;
			};
			name = Release;
		};
		92145EC81E05DEA400A83479 /* Debug */ = {
			isa = XCBuildConfiguration;
			buildSettings = {
				DEVELOPMENT_TEAM = AFNEC75D99;
				PRODUCT_NAME = "$(TARGET_NAME)";
			};
			name = Debug;
		};
		92145EC91E05DEA400A83479 /* Release */ = {
			isa = XCBuildConfiguration;
			buildSettings = {
				DEVELOPMENT_TEAM = AFNEC75D99;
				PRODUCT_NAME = "$(TARGET_NAME)";
			};
			name = Release;
		};
/* End XCBuildConfiguration section */

/* Begin XCConfigurationList section */
		92145EBB1E05DEA300A83479 /* Build configuration list for PBXProject "OpenGL-LoadingModel" */ = {
			isa = XCConfigurationList;
			buildConfigurations = (
				92145EC51E05DEA400A83479 /* Debug */,
				92145EC61E05DEA400A83479 /* Release */,
			);
			defaultConfigurationIsVisible = 0;
			defaultConfigurationName = Release;
		};
		92145EC71E05DEA400A83479 /* Build configuration list for PBXNativeTarget "OpenGL-LoadingModel" */ = {
			isa = XCConfigurationList;
			buildConfigurations = (
				92145EC81E05DEA400A83479 /* Debug */,
				92145EC91E05DEA400A83479 /* Release */,
			);
			defaultConfigurationIsVisible = 0;
		};
/* End XCConfigurationList section */
	};
	rootObject = 92145EB81E05DEA300A83479 /* Project object */;
}
